
Microsoft Visual Studio Solution File, Format Version 12.00
# Visual Studio 15
Project("{FAE04EC0-301F-11D3-BF4B-00C04F79EFBC}") = "Acebook", "Acebook.csproj", "{7144D8CB-FF3F-4885-A9CC-047ECC5C4F56}"
EndProject
Global
	GlobalSection(SolutionConfigurationPlatforms) = preSolution
		Debug|Any CPU = Debug|Any CPU
		Release|Any CPU = Release|Any CPU
	EndGlobalSection
	GlobalSection(ProjectConfigurationPlatforms) = postSolution
		{7144D8CB-FF3F-4885-A9CC-047ECC5C4F56}.Debug|Any CPU.ActiveCfg = Debug|Any CPU
		{7144D8CB-FF3F-4885-A9CC-047ECC5C4F56}.Debug|Any CPU.Build.0 = Debug|Any CPU
		{7144D8CB-FF3F-4885-A9CC-047ECC5C4F56}.Release|Any CPU.ActiveCfg = Release|Any CPU
		{7144D8CB-FF3F-4885-A9CC-047ECC5C4F56}.Release|Any CPU.Build.0 = Release|Any CPU
	EndGlobalSection
EndGlobal
