
Microsoft Visual Studio Solution File, Format Version 12.00
# Visual Studio 15
Project("{FAE04EC0-301F-11D3-BF4B-00C04F79EFBC}") = "helloWorld.Test", "helloWorld.Test\helloWorld.Test.csproj", "{745925BA-B40B-4994-B0D0-F77AA5DC4BE9}"
EndProject
Global
	GlobalSection(SolutionConfigurationPlatforms) = preSolution
		Debug|Any CPU = Debug|Any CPU
		Release|Any CPU = Release|Any CPU
	EndGlobalSection
	GlobalSection(ProjectConfigurationPlatforms) = postSolution
		{745925BA-B40B-4994-B0D0-F77AA5DC4BE9}.Debug|Any CPU.ActiveCfg = Debug|Any CPU
		{745925BA-B40B-4994-B0D0-F77AA5DC4BE9}.Debug|Any CPU.Build.0 = Debug|Any CPU
		{745925BA-B40B-4994-B0D0-F77AA5DC4BE9}.Release|Any CPU.ActiveCfg = Release|Any CPU
		{745925BA-B40B-4994-B0D0-F77AA5DC4BE9}.Release|Any CPU.Build.0 = Release|Any CPU
	EndGlobalSection
EndGlobal
